// !$*UTF8*$!
{
	archiveVersion = 1;
	classes = {
	};
	objectVersion = 46;
	objects = {

/* Begin PBXBuildFile section */
		28642A481AB3D9FA0078050A /* PreferenceController.swift in Sources */ = {isa = PBXBuildFile; fileRef = 28642A471AB3D9FA0078050A /* PreferenceController.swift */; };
		289C8C521ABFAB7F00224B95 /* Craft.swift in Sources */ = {isa = PBXBuildFile; fileRef = 289C8C4D1ABFAB7F00224B95 /* Craft.swift */; };
		289C8C531ABFAB7F00224B95 /* Deferred.swift in Sources */ = {isa = PBXBuildFile; fileRef = 289C8C4E1ABFAB7F00224B95 /* Deferred.swift */; };
		289C8C541ABFAB7F00224B95 /* Info.plist in Resources */ = {isa = PBXBuildFile; fileRef = 289C8C4F1ABFAB7F00224B95 /* Info.plist */; };
		289C8C551ABFAB7F00224B95 /* Promise.swift in Sources */ = {isa = PBXBuildFile; fileRef = 289C8C501ABFAB7F00224B95 /* Promise.swift */; };
		289C8C561ABFAB7F00224B95 /* SettledResult.swift in Sources */ = {isa = PBXBuildFile; fileRef = 289C8C511ABFAB7F00224B95 /* SettledResult.swift */; };
		28F49AF41AB530C700EFA7B1 /* MenubarIconController.swift in Sources */ = {isa = PBXBuildFile; fileRef = 28F49AF31AB530C700EFA7B1 /* MenubarIconController.swift */; };
		28F9E61C1AB3CAA100D1543F /* CommandRunner.swift in Sources */ = {isa = PBXBuildFile; fileRef = 28F9E61B1AB3CAA100D1543F /* CommandRunner.swift */; };
		28F9E61E1AB3CCE000D1543F /* ClientController.swift in Sources */ = {isa = PBXBuildFile; fileRef = 28F9E61D1AB3CCE000D1543F /* ClientController.swift */; };
		CE7B97CB1AB2469D00093729 /* ServerController.swift in Sources */ = {isa = PBXBuildFile; fileRef = CE7B97CA1AB2469D00093729 /* ServerController.swift */; };
		CE925B211AB22C6B00657798 /* AppDelegate.swift in Sources */ = {isa = PBXBuildFile; fileRef = CE925B201AB22C6B00657798 /* AppDelegate.swift */; };
		CE925B231AB22C6B00657798 /* Images.xcassets in Resources */ = {isa = PBXBuildFile; fileRef = CE925B221AB22C6B00657798 /* Images.xcassets */; };
		CE925B261AB22C6B00657798 /* MainMenu.xib in Resources */ = {isa = PBXBuildFile; fileRef = CE925B241AB22C6B00657798 /* MainMenu.xib */; };
		CE925B321AB22C6B00657798 /* Emacs_LauncherTests.swift in Sources */ = {isa = PBXBuildFile; fileRef = CE925B311AB22C6B00657798 /* Emacs_LauncherTests.swift */; };
/* End PBXBuildFile section */

/* Begin PBXContainerItemProxy section */
		CE925B2C1AB22C6B00657798 /* PBXContainerItemProxy */ = {
			isa = PBXContainerItemProxy;
			containerPortal = CE925B131AB22C6A00657798 /* Project object */;
			proxyType = 1;
			remoteGlobalIDString = CE925B1A1AB22C6B00657798;
			remoteInfo = "Emacs Launcher";
		};
/* End PBXContainerItemProxy section */

/* Begin PBXFileReference section */
		28642A471AB3D9FA0078050A /* PreferenceController.swift */ = {isa = PBXFileReference; fileEncoding = 4; lastKnownFileType = sourcecode.swift; path = PreferenceController.swift; sourceTree = "<group>"; };
		289C8C4C1ABFAB7F00224B95 /* craft.h */ = {isa = PBXFileReference; fileEncoding = 4; lastKnownFileType = sourcecode.c.h; path = craft.h; sourceTree = "<group>"; };
		289C8C4D1ABFAB7F00224B95 /* Craft.swift */ = {isa = PBXFileReference; fileEncoding = 4; lastKnownFileType = sourcecode.swift; path = Craft.swift; sourceTree = "<group>"; };
		289C8C4E1ABFAB7F00224B95 /* Deferred.swift */ = {isa = PBXFileReference; fileEncoding = 4; lastKnownFileType = sourcecode.swift; path = Deferred.swift; sourceTree = "<group>"; };
		289C8C4F1ABFAB7F00224B95 /* Info.plist */ = {isa = PBXFileReference; fileEncoding = 4; lastKnownFileType = text.plist.xml; path = Info.plist; sourceTree = "<group>"; };
		289C8C501ABFAB7F00224B95 /* Promise.swift */ = {isa = PBXFileReference; fileEncoding = 4; lastKnownFileType = sourcecode.swift; path = Promise.swift; sourceTree = "<group>"; };
		289C8C511ABFAB7F00224B95 /* SettledResult.swift */ = {isa = PBXFileReference; fileEncoding = 4; lastKnownFileType = sourcecode.swift; path = SettledResult.swift; sourceTree = "<group>"; };
		28F49AF31AB530C700EFA7B1 /* MenubarIconController.swift */ = {isa = PBXFileReference; fileEncoding = 4; lastKnownFileType = sourcecode.swift; path = MenubarIconController.swift; sourceTree = "<group>"; };
		28F9E61B1AB3CAA100D1543F /* CommandRunner.swift */ = {isa = PBXFileReference; fileEncoding = 4; lastKnownFileType = sourcecode.swift; path = CommandRunner.swift; sourceTree = "<group>"; };
		28F9E61D1AB3CCE000D1543F /* ClientController.swift */ = {isa = PBXFileReference; fileEncoding = 4; lastKnownFileType = sourcecode.swift; path = ClientController.swift; sourceTree = "<group>"; };
		CE7B97CA1AB2469D00093729 /* ServerController.swift */ = {isa = PBXFileReference; fileEncoding = 4; lastKnownFileType = sourcecode.swift; path = ServerController.swift; sourceTree = "<group>"; };
		CE925B1B1AB22C6B00657798 /* Emacs Launcher.app */ = {isa = PBXFileReference; explicitFileType = wrapper.application; includeInIndex = 0; path = "Emacs Launcher.app"; sourceTree = BUILT_PRODUCTS_DIR; };
		CE925B1F1AB22C6B00657798 /* Info.plist */ = {isa = PBXFileReference; lastKnownFileType = text.plist.xml; path = Info.plist; sourceTree = "<group>"; };
		CE925B201AB22C6B00657798 /* AppDelegate.swift */ = {isa = PBXFileReference; lastKnownFileType = sourcecode.swift; path = AppDelegate.swift; sourceTree = "<group>"; };
		CE925B221AB22C6B00657798 /* Images.xcassets */ = {isa = PBXFileReference; lastKnownFileType = folder.assetcatalog; path = Images.xcassets; sourceTree = "<group>"; };
		CE925B251AB22C6B00657798 /* Base */ = {isa = PBXFileReference; lastKnownFileType = file.xib; name = Base; path = Base.lproj/MainMenu.xib; sourceTree = "<group>"; };
		CE925B2B1AB22C6B00657798 /* Emacs LauncherTests.xctest */ = {isa = PBXFileReference; explicitFileType = wrapper.cfbundle; includeInIndex = 0; path = "Emacs LauncherTests.xctest"; sourceTree = BUILT_PRODUCTS_DIR; };
		CE925B301AB22C6B00657798 /* Info.plist */ = {isa = PBXFileReference; lastKnownFileType = text.plist.xml; path = Info.plist; sourceTree = "<group>"; };
		CE925B311AB22C6B00657798 /* Emacs_LauncherTests.swift */ = {isa = PBXFileReference; lastKnownFileType = sourcecode.swift; path = Emacs_LauncherTests.swift; sourceTree = "<group>"; };
/* End PBXFileReference section */

/* Begin PBXFrameworksBuildPhase section */
		CE925B181AB22C6B00657798 /* Frameworks */ = {
			isa = PBXFrameworksBuildPhase;
			buildActionMask = 2147483647;
			files = (
			);
			runOnlyForDeploymentPostprocessing = 0;
		};
		CE925B281AB22C6B00657798 /* Frameworks */ = {
			isa = PBXFrameworksBuildPhase;
			buildActionMask = 2147483647;
			files = (
			);
			runOnlyForDeploymentPostprocessing = 0;
		};
/* End PBXFrameworksBuildPhase section */

/* Begin PBXGroup section */
		289C8C4B1ABFAB7F00224B95 /* craft */ = {
			isa = PBXGroup;
			children = (
				289C8C4C1ABFAB7F00224B95 /* craft.h */,
				289C8C4D1ABFAB7F00224B95 /* Craft.swift */,
				289C8C4E1ABFAB7F00224B95 /* Deferred.swift */,
				289C8C4F1ABFAB7F00224B95 /* Info.plist */,
				289C8C501ABFAB7F00224B95 /* Promise.swift */,
				289C8C511ABFAB7F00224B95 /* SettledResult.swift */,
			);
			path = craft;
			sourceTree = "<group>";
		};
		CE925B121AB22C6A00657798 = {
			isa = PBXGroup;
			children = (
				CE925B1D1AB22C6B00657798 /* Emacs Launcher */,
				CE925B2E1AB22C6B00657798 /* Emacs LauncherTests */,
				CE925B1C1AB22C6B00657798 /* Products */,
			);
			sourceTree = "<group>";
		};
		CE925B1C1AB22C6B00657798 /* Products */ = {
			isa = PBXGroup;
			children = (
				CE925B1B1AB22C6B00657798 /* Emacs Launcher.app */,
				CE925B2B1AB22C6B00657798 /* Emacs LauncherTests.xctest */,
			);
			name = Products;
			sourceTree = "<group>";
		};
		CE925B1D1AB22C6B00657798 /* Emacs Launcher */ = {
			isa = PBXGroup;
			children = (
				CE925B201AB22C6B00657798 /* AppDelegate.swift */,
				CE7B97CA1AB2469D00093729 /* ServerController.swift */,
				28F9E61D1AB3CCE000D1543F /* ClientController.swift */,
				28F9E61B1AB3CAA100D1543F /* CommandRunner.swift */,
				28642A471AB3D9FA0078050A /* PreferenceController.swift */,
				28F49AF31AB530C700EFA7B1 /* MenubarIconController.swift */,
				CE925B221AB22C6B00657798 /* Images.xcassets */,
				CE925B241AB22C6B00657798 /* MainMenu.xib */,
				289C8C4B1ABFAB7F00224B95 /* craft */,
				CE925B1E1AB22C6B00657798 /* Supporting Files */,
			);
			path = "Emacs Launcher";
			sourceTree = "<group>";
		};
		CE925B1E1AB22C6B00657798 /* Supporting Files */ = {
			isa = PBXGroup;
			children = (
				CE925B1F1AB22C6B00657798 /* Info.plist */,
			);
			name = "Supporting Files";
			sourceTree = "<group>";
		};
		CE925B2E1AB22C6B00657798 /* Emacs LauncherTests */ = {
			isa = PBXGroup;
			children = (
				CE925B311AB22C6B00657798 /* Emacs_LauncherTests.swift */,
				CE925B2F1AB22C6B00657798 /* Supporting Files */,
			);
			path = "Emacs LauncherTests";
			sourceTree = "<group>";
		};
		CE925B2F1AB22C6B00657798 /* Supporting Files */ = {
			isa = PBXGroup;
			children = (
				CE925B301AB22C6B00657798 /* Info.plist */,
			);
			name = "Supporting Files";
			sourceTree = "<group>";
		};
/* End PBXGroup section */

/* Begin PBXNativeTarget section */
		CE925B1A1AB22C6B00657798 /* Emacs Launcher */ = {
			isa = PBXNativeTarget;
			buildConfigurationList = CE925B351AB22C6B00657798 /* Build configuration list for PBXNativeTarget "Emacs Launcher" */;
			buildPhases = (
				CE925B171AB22C6B00657798 /* Sources */,
				CE925B181AB22C6B00657798 /* Frameworks */,
				CE925B191AB22C6B00657798 /* Resources */,
			);
			buildRules = (
			);
			dependencies = (
			);
			name = "Emacs Launcher";
			productName = "Emacs Launcher";
			productReference = CE925B1B1AB22C6B00657798 /* Emacs Launcher.app */;
			productType = "com.apple.product-type.application";
		};
		CE925B2A1AB22C6B00657798 /* Emacs LauncherTests */ = {
			isa = PBXNativeTarget;
			buildConfigurationList = CE925B381AB22C6B00657798 /* Build configuration list for PBXNativeTarget "Emacs LauncherTests" */;
			buildPhases = (
				CE925B271AB22C6B00657798 /* Sources */,
				CE925B281AB22C6B00657798 /* Frameworks */,
				CE925B291AB22C6B00657798 /* Resources */,
			);
			buildRules = (
			);
			dependencies = (
				CE925B2D1AB22C6B00657798 /* PBXTargetDependency */,
			);
			name = "Emacs LauncherTests";
			productName = "Emacs LauncherTests";
			productReference = CE925B2B1AB22C6B00657798 /* Emacs LauncherTests.xctest */;
			productType = "com.apple.product-type.bundle.unit-test";
		};
/* End PBXNativeTarget section */

/* Begin PBXProject section */
		CE925B131AB22C6A00657798 /* Project object */ = {
			isa = PBXProject;
			attributes = {
				LastUpgradeCheck = 0610;
				ORGANIZATIONNAME = "Billy He";
				TargetAttributes = {
					CE925B1A1AB22C6B00657798 = {
						CreatedOnToolsVersion = 6.1.1;
					};
					CE925B2A1AB22C6B00657798 = {
						CreatedOnToolsVersion = 6.1.1;
						TestTargetID = CE925B1A1AB22C6B00657798;
					};
				};
			};
			buildConfigurationList = CE925B161AB22C6A00657798 /* Build configuration list for PBXProject "Emacs Launcher" */;
			compatibilityVersion = "Xcode 3.2";
			developmentRegion = English;
			hasScannedForEncodings = 0;
			knownRegions = (
				en,
				Base,
			);
			mainGroup = CE925B121AB22C6A00657798;
			productRefGroup = CE925B1C1AB22C6B00657798 /* Products */;
			projectDirPath = "";
			projectRoot = "";
			targets = (
				CE925B1A1AB22C6B00657798 /* Emacs Launcher */,
				CE925B2A1AB22C6B00657798 /* Emacs LauncherTests */,
			);
		};
/* End PBXProject section */

/* Begin PBXResourcesBuildPhase section */
		CE925B191AB22C6B00657798 /* Resources */ = {
			isa = PBXResourcesBuildPhase;
			buildActionMask = 2147483647;
			files = (
				CE925B231AB22C6B00657798 /* Images.xcassets in Resources */,
				CE925B261AB22C6B00657798 /* MainMenu.xib in Resources */,
				289C8C541ABFAB7F00224B95 /* Info.plist in Resources */,
			);
			runOnlyForDeploymentPostprocessing = 0;
		};
		CE925B291AB22C6B00657798 /* Resources */ = {
			isa = PBXResourcesBuildPhase;
			buildActionMask = 2147483647;
			files = (
			);
			runOnlyForDeploymentPostprocessing = 0;
		};
/* End PBXResourcesBuildPhase section */

/* Begin PBXSourcesBuildPhase section */
		CE925B171AB22C6B00657798 /* Sources */ = {
			isa = PBXSourcesBuildPhase;
			buildActionMask = 2147483647;
			files = (
				28F9E61C1AB3CAA100D1543F /* CommandRunner.swift in Sources */,
				289C8C521ABFAB7F00224B95 /* Craft.swift in Sources */,
				289C8C531ABFAB7F00224B95 /* Deferred.swift in Sources */,
				28642A481AB3D9FA0078050A /* PreferenceController.swift in Sources */,
				28F9E61E1AB3CCE000D1543F /* ClientController.swift in Sources */,
				289C8C551ABFAB7F00224B95 /* Promise.swift in Sources */,
				CE925B211AB22C6B00657798 /* AppDelegate.swift in Sources */,
				28F49AF41AB530C700EFA7B1 /* MenubarIconController.swift in Sources */,
				289C8C561ABFAB7F00224B95 /* SettledResult.swift in Sources */,
				CE7B97CB1AB2469D00093729 /* ServerController.swift in Sources */,
			);
			runOnlyForDeploymentPostprocessing = 0;
		};
		CE925B271AB22C6B00657798 /* Sources */ = {
			isa = PBXSourcesBuildPhase;
			buildActionMask = 2147483647;
			files = (
				CE925B321AB22C6B00657798 /* Emacs_LauncherTests.swift in Sources */,
			);
			runOnlyForDeploymentPostprocessing = 0;
		};
/* End PBXSourcesBuildPhase section */

/* Begin PBXTargetDependency section */
		CE925B2D1AB22C6B00657798 /* PBXTargetDependency */ = {
			isa = PBXTargetDependency;
			target = CE925B1A1AB22C6B00657798 /* Emacs Launcher */;
			targetProxy = CE925B2C1AB22C6B00657798 /* PBXContainerItemProxy */;
		};
/* End PBXTargetDependency section */

/* Begin PBXVariantGroup section */
		CE925B241AB22C6B00657798 /* MainMenu.xib */ = {
			isa = PBXVariantGroup;
			children = (
				CE925B251AB22C6B00657798 /* Base */,
			);
			name = MainMenu.xib;
			sourceTree = "<group>";
		};
/* End PBXVariantGroup section */

/* Begin XCBuildConfiguration section */
		CE925B331AB22C6B00657798 /* Debug */ = {
			isa = XCBuildConfiguration;
			buildSettings = {
				ALWAYS_SEARCH_USER_PATHS = NO;
				CLANG_CXX_LANGUAGE_STANDARD = "gnu++0x";
				CLANG_CXX_LIBRARY = "libc++";
				CLANG_ENABLE_MODULES = YES;
				CLANG_ENABLE_OBJC_ARC = YES;
				CLANG_WARN_BOOL_CONVERSION = YES;
				CLANG_WARN_CONSTANT_CONVERSION = YES;
				CLANG_WARN_DIRECT_OBJC_ISA_USAGE = YES_ERROR;
				CLANG_WARN_EMPTY_BODY = YES;
				CLANG_WARN_ENUM_CONVERSION = YES;
				CLANG_WARN_INT_CONVERSION = YES;
				CLANG_WARN_OBJC_ROOT_CLASS = YES_ERROR;
				CLANG_WARN_UNREACHABLE_CODE = YES;
				CLANG_WARN__DUPLICATE_METHOD_MATCH = YES;
				CODE_SIGN_IDENTITY = "-";
				COPY_PHASE_STRIP = NO;
				ENABLE_STRICT_OBJC_MSGSEND = YES;
				GCC_C_LANGUAGE_STANDARD = gnu99;
				GCC_DYNAMIC_NO_PIC = NO;
				GCC_OPTIMIZATION_LEVEL = 0;
				GCC_PREPROCESSOR_DEFINITIONS = (
					"DEBUG=1",
					"$(inherited)",
				);
				GCC_SYMBOLS_PRIVATE_EXTERN = NO;
				GCC_WARN_64_TO_32_BIT_CONVERSION = YES;
				GCC_WARN_ABOUT_RETURN_TYPE = YES_ERROR;
				GCC_WARN_UNDECLARED_SELECTOR = YES;
				GCC_WARN_UNINITIALIZED_AUTOS = YES_AGGRESSIVE;
				GCC_WARN_UNUSED_FUNCTION = YES;
				GCC_WARN_UNUSED_VARIABLE = YES;
				MACOSX_DEPLOYMENT_TARGET = 10.9;
				MTL_ENABLE_DEBUG_INFO = YES;
				ONLY_ACTIVE_ARCH = YES;
				SDKROOT = macosx;
				SWIFT_OPTIMIZATION_LEVEL = "-Onone";
			};
			name = Debug;
		};
		CE925B341AB22C6B00657798 /* Release */ = {
			isa = XCBuildConfiguration;
			buildSettings = {
				ALWAYS_SEARCH_USER_PATHS = NO;
				CLANG_CXX_LANGUAGE_STANDARD = "gnu++0x";
				CLANG_CXX_LIBRARY = "libc++";
				CLANG_ENABLE_MODULES = YES;
				CLANG_ENABLE_OBJC_ARC = YES;
				CLANG_WARN_BOOL_CONVERSION = YES;
				CLANG_WARN_CONSTANT_CONVERSION = YES;
				CLANG_WARN_DIRECT_OBJC_ISA_USAGE = YES_ERROR;
				CLANG_WARN_EMPTY_BODY = YES;
				CLANG_WARN_ENUM_CONVERSION = YES;
				CLANG_WARN_INT_CONVERSION = YES;
				CLANG_WARN_OBJC_ROOT_CLASS = YES_ERROR;
				CLANG_WARN_UNREACHABLE_CODE = YES;
				CLANG_WARN__DUPLICATE_METHOD_MATCH = YES;
				CODE_SIGN_IDENTITY = "-";
				COPY_PHASE_STRIP = YES;
				DEBUG_INFORMATION_FORMAT = "dwarf-with-dsym";
				ENABLE_NS_ASSERTIONS = NO;
				ENABLE_STRICT_OBJC_MSGSEND = YES;
				GCC_C_LANGUAGE_STANDARD = gnu99;
				GCC_WARN_64_TO_32_BIT_CONVERSION = YES;
				GCC_WARN_ABOUT_RETURN_TYPE = YES_ERROR;
				GCC_WARN_UNDECLARED_SELECTOR = YES;
				GCC_WARN_UNINITIALIZED_AUTOS = YES_AGGRESSIVE;
				GCC_WARN_UNUSED_FUNCTION = YES;
				GCC_WARN_UNUSED_VARIABLE = YES;
				MACOSX_DEPLOYMENT_TARGET = 10.9;
				MTL_ENABLE_DEBUG_INFO = NO;
				SDKROOT = macosx;
			};
			name = Release;
		};
		CE925B361AB22C6B00657798 /* Debug */ = {
			isa = XCBuildConfiguration;
			buildSettings = {
				ASSETCATALOG_COMPILER_APPICON_NAME = AppIcon;
				COMBINE_HIDPI_IMAGES = YES;
				FRAMEWORK_SEARCH_PATHS = (
					"$(inherited)",
					"$(PROJECT_DIR)",
				);
				INFOPLIST_FILE = "Emacs Launcher/Info.plist";
				LD_RUNPATH_SEARCH_PATHS = "$(inherited) @executable_path/../Frameworks";
				PRODUCT_NAME = "$(TARGET_NAME)";
			};
			name = Debug;
		};
		CE925B371AB22C6B00657798 /* Release */ = {
			isa = XCBuildConfiguration;
			buildSettings = {
				ASSETCATALOG_COMPILER_APPICON_NAME = AppIcon;
				COMBINE_HIDPI_IMAGES = YES;
				FRAMEWORK_SEARCH_PATHS = (
					"$(inherited)",
					"$(PROJECT_DIR)",
				);
				INFOPLIST_FILE = "Emacs Launcher/Info.plist";
				LD_RUNPATH_SEARCH_PATHS = "$(inherited) @executable_path/../Frameworks";
				PRODUCT_NAME = "$(TARGET_NAME)";
			};
			name = Release;
		};
		CE925B391AB22C6B00657798 /* Debug */ = {
			isa = XCBuildConfiguration;
			buildSettings = {
				BUNDLE_LOADER = "$(TEST_HOST)";
				COMBINE_HIDPI_IMAGES = YES;
				FRAMEWORK_SEARCH_PATHS = (
					"$(DEVELOPER_FRAMEWORKS_DIR)",
					"$(inherited)",
				);
				GCC_PREPROCESSOR_DEFINITIONS = (
					"DEBUG=1",
					"$(inherited)",
				);
				INFOPLIST_FILE = "Emacs LauncherTests/Info.plist";
				LD_RUNPATH_SEARCH_PATHS = "$(inherited) @executable_path/../Frameworks @loader_path/../Frameworks";
				PRODUCT_NAME = "$(TARGET_NAME)";
				TEST_HOST = "$(BUILT_PRODUCTS_DIR)/Emacs Launcher.app/Contents/MacOS/Emacs Launcher";
			};
			name = Debug;
		};
		CE925B3A1AB22C6B00657798 /* Release */ = {
			isa = XCBuildConfiguration;
			buildSettings = {
				BUNDLE_LOADER = "$(TEST_HOST)";
				COMBINE_HIDPI_IMAGES = YES;
				FRAMEWORK_SEARCH_PATHS = (
					"$(DEVELOPER_FRAMEWORKS_DIR)",
					"$(inherited)",
				);
				INFOPLIST_FILE = "Emacs LauncherTests/Info.plist";
				LD_RUNPATH_SEARCH_PATHS = "$(inherited) @executable_path/../Frameworks @loader_path/../Frameworks";
				PRODUCT_NAME = "$(TARGET_NAME)";
				TEST_HOST = "$(BUILT_PRODUCTS_DIR)/Emacs Launcher.app/Contents/MacOS/Emacs Launcher";
			};
			name = Release;
		};
/* End XCBuildConfiguration section */

/* Begin XCConfigurationList section */
		CE925B161AB22C6A00657798 /* Build configuration list for PBXProject "Emacs Launcher" */ = {
			isa = XCConfigurationList;
			buildConfigurations = (
				CE925B331AB22C6B00657798 /* Debug */,
				CE925B341AB22C6B00657798 /* Release */,
			);
			defaultConfigurationIsVisible = 0;
			defaultConfigurationName = Release;
		};
		CE925B351AB22C6B00657798 /* Build configuration list for PBXNativeTarget "Emacs Launcher" */ = {
			isa = XCConfigurationList;
			buildConfigurations = (
				CE925B361AB22C6B00657798 /* Debug */,
				CE925B371AB22C6B00657798 /* Release */,
			);
			defaultConfigurationIsVisible = 0;
			defaultConfigurationName = Release;
		};
		CE925B381AB22C6B00657798 /* Build configuration list for PBXNativeTarget "Emacs LauncherTests" */ = {
			isa = XCConfigurationList;
			buildConfigurations = (
				CE925B391AB22C6B00657798 /* Debug */,
				CE925B3A1AB22C6B00657798 /* Release */,
			);
			defaultConfigurationIsVisible = 0;
			defaultConfigurationName = Release;
		};
/* End XCConfigurationList section */
	};
	rootObject = CE925B131AB22C6A00657798 /* Project object */;
}
